
Microsoft Visual Studio Solution File, Format Version 12.00
# Visual Studio 14
VisualStudioVersion = 14.0.25420.1
MinimumVisualStudioVersion = 10.0.40219.1
Project("{FAE04EC0-301F-11D3-BF4B-00C04F79EFBC}") = "SortArray(整数排序)", "SortArray\SortArray(整数排序).csproj", "{5617D0E5-90A8-4C8A-BE48-C1105011DE12}"
EndProject
Project("{FAE04EC0-301F-11D3-BF4B-00C04F79EFBC}") = "Fibonacci(斐波那契数列)", "Fibonacci\Fibonacci(斐波那契数列).csproj", "{6FF78C57-34E5-4440-A5D4-6EAFB1F74F4C}"
EndProject
Project("{FAE04EC0-301F-11D3-BF4B-00C04F79EFBC}") = "DeleteLinkList（删除节点）", "DeleteLinkList\DeleteLinkList（删除节点）.csproj", "{DC2A7ADE-CF38-405C-BB73-0D44877758E9}"
EndProject
Project("{2150E333-8FDC-42A3-9474-1A3956D46DE8}") = "入门", "入门", "{48C47C91-405E-4FB0-9E3A-9DB576219C57}"
EndProject
Project("{2150E333-8FDC-42A3-9474-1A3956D46DE8}") = "容易", "容易", "{1A392B52-1708-4EE7-A8A1-AA8B66351088}"
EndProject
Project("{FAE04EC0-301F-11D3-BF4B-00C04F79EFBC}") = "AddDigits(求数的根)", "AddDigits\AddDigits(求数的根).csproj", "{EC05E62A-D559-4B52-9F28-59E7F2BD7FA9}"
EndProject
Project("{FAE04EC0-301F-11D3-BF4B-00C04F79EFBC}") = "Intersection", "Intersection\Intersection.csproj", "{B9578F40-5E37-402D-97B3-97273F73F563}"
EndProject
Project("{FAE04EC0-301F-11D3-BF4B-00C04F79EFBC}") = "MoveZero", "MoveZero\MoveZero.csproj", "{37152171-2C09-4E74-921C-C973682B5477}"
EndProject
Project("{2150E333-8FDC-42A3-9474-1A3956D46DE8}") = "设计模式", "设计模式", "{78E0B32B-4E9A-4FE6-A439-97EDA67A0BE4}"
EndProject
Project("{FAE04EC0-301F-11D3-BF4B-00C04F79EFBC}") = "MoveZeroTests", "MoveZeroTests\MoveZeroTests.csproj", "{4ED03B6C-6890-4E0D-AF6F-825ECCA466A9}"
EndProject
Project("{FAE04EC0-301F-11D3-BF4B-00C04F79EFBC}") = "Singleton(单例模式)", "Singleton\Singleton(单例模式).csproj", "{35F4182B-51AF-4237-9096-083019C424E3}"
EndProject
Project("{FAE04EC0-301F-11D3-BF4B-00C04F79EFBC}") = "Factory", "Factory\Factory.csproj", "{5FD904BD-AA45-46C5-897E-2368784D43B4}"
EndProject
Project("{2150E333-8FDC-42A3-9474-1A3956D46DE8}") = "单元测试", "单元测试", "{3C26D29D-E02D-48B5-9401-38EDFB5CC0E7}"
EndProject
Project("{FAE04EC0-301F-11D3-BF4B-00C04F79EFBC}") = "Demo", "Demo\Demo.csproj", "{9EC9A410-0297-40F7-964C-E64AEC34A51C}"
EndProject
Global
	GlobalSection(SolutionConfigurationPlatforms) = preSolution
		Debug|Any CPU = Debug|Any CPU
		Release|Any CPU = Release|Any CPU
	EndGlobalSection
	GlobalSection(ProjectConfigurationPlatforms) = postSolution
		{5617D0E5-90A8-4C8A-BE48-C1105011DE12}.Debug|Any CPU.ActiveCfg = Debug|Any CPU
		{5617D0E5-90A8-4C8A-BE48-C1105011DE12}.Debug|Any CPU.Build.0 = Debug|Any CPU
		{5617D0E5-90A8-4C8A-BE48-C1105011DE12}.Release|Any CPU.ActiveCfg = Release|Any CPU
		{5617D0E5-90A8-4C8A-BE48-C1105011DE12}.Release|Any CPU.Build.0 = Release|Any CPU
		{6FF78C57-34E5-4440-A5D4-6EAFB1F74F4C}.Debug|Any CPU.ActiveCfg = Debug|Any CPU
		{6FF78C57-34E5-4440-A5D4-6EAFB1F74F4C}.Debug|Any CPU.Build.0 = Debug|Any CPU
		{6FF78C57-34E5-4440-A5D4-6EAFB1F74F4C}.Release|Any CPU.ActiveCfg = Release|Any CPU
		{6FF78C57-34E5-4440-A5D4-6EAFB1F74F4C}.Release|Any CPU.Build.0 = Release|Any CPU
		{DC2A7ADE-CF38-405C-BB73-0D44877758E9}.Debug|Any CPU.ActiveCfg = Debug|Any CPU
		{DC2A7ADE-CF38-405C-BB73-0D44877758E9}.Debug|Any CPU.Build.0 = Debug|Any CPU
		{DC2A7ADE-CF38-405C-BB73-0D44877758E9}.Release|Any CPU.ActiveCfg = Release|Any CPU
		{DC2A7ADE-CF38-405C-BB73-0D44877758E9}.Release|Any CPU.Build.0 = Release|Any CPU
		{EC05E62A-D559-4B52-9F28-59E7F2BD7FA9}.Debug|Any CPU.ActiveCfg = Debug|Any CPU
		{EC05E62A-D559-4B52-9F28-59E7F2BD7FA9}.Debug|Any CPU.Build.0 = Debug|Any CPU
		{EC05E62A-D559-4B52-9F28-59E7F2BD7FA9}.Release|Any CPU.ActiveCfg = Release|Any CPU
		{EC05E62A-D559-4B52-9F28-59E7F2BD7FA9}.Release|Any CPU.Build.0 = Release|Any CPU
		{B9578F40-5E37-402D-97B3-97273F73F563}.Debug|Any CPU.ActiveCfg = Debug|Any CPU
		{B9578F40-5E37-402D-97B3-97273F73F563}.Debug|Any CPU.Build.0 = Debug|Any CPU
		{B9578F40-5E37-402D-97B3-97273F73F563}.Release|Any CPU.ActiveCfg = Release|Any CPU
		{B9578F40-5E37-402D-97B3-97273F73F563}.Release|Any CPU.Build.0 = Release|Any CPU
		{37152171-2C09-4E74-921C-C973682B5477}.Debug|Any CPU.ActiveCfg = Debug|Any CPU
		{37152171-2C09-4E74-921C-C973682B5477}.Debug|Any CPU.Build.0 = Debug|Any CPU
		{37152171-2C09-4E74-921C-C973682B5477}.Release|Any CPU.ActiveCfg = Release|Any CPU
		{37152171-2C09-4E74-921C-C973682B5477}.Release|Any CPU.Build.0 = Release|Any CPU
		{4ED03B6C-6890-4E0D-AF6F-825ECCA466A9}.Debug|Any CPU.ActiveCfg = Debug|Any CPU
		{4ED03B6C-6890-4E0D-AF6F-825ECCA466A9}.Debug|Any CPU.Build.0 = Debug|Any CPU
		{4ED03B6C-6890-4E0D-AF6F-825ECCA466A9}.Release|Any CPU.ActiveCfg = Release|Any CPU
		{4ED03B6C-6890-4E0D-AF6F-825ECCA466A9}.Release|Any CPU.Build.0 = Release|Any CPU
		{35F4182B-51AF-4237-9096-083019C424E3}.Debug|Any CPU.ActiveCfg = Debug|Any CPU
		{35F4182B-51AF-4237-9096-083019C424E3}.Debug|Any CPU.Build.0 = Debug|Any CPU
		{35F4182B-51AF-4237-9096-083019C424E3}.Release|Any CPU.ActiveCfg = Release|Any CPU
		{35F4182B-51AF-4237-9096-083019C424E3}.Release|Any CPU.Build.0 = Release|Any CPU
		{5FD904BD-AA45-46C5-897E-2368784D43B4}.Debug|Any CPU.ActiveCfg = Debug|Any CPU
		{5FD904BD-AA45-46C5-897E-2368784D43B4}.Debug|Any CPU.Build.0 = Debug|Any CPU
		{5FD904BD-AA45-46C5-897E-2368784D43B4}.Release|Any CPU.ActiveCfg = Release|Any CPU
		{5FD904BD-AA45-46C5-897E-2368784D43B4}.Release|Any CPU.Build.0 = Release|Any CPU
		{9EC9A410-0297-40F7-964C-E64AEC34A51C}.Debug|Any CPU.ActiveCfg = Debug|Any CPU
		{9EC9A410-0297-40F7-964C-E64AEC34A51C}.Debug|Any CPU.Build.0 = Debug|Any CPU
		{9EC9A410-0297-40F7-964C-E64AEC34A51C}.Release|Any CPU.ActiveCfg = Release|Any CPU
		{9EC9A410-0297-40F7-964C-E64AEC34A51C}.Release|Any CPU.Build.0 = Release|Any CPU
	EndGlobalSection
	GlobalSection(SolutionProperties) = preSolution
		HideSolutionNode = FALSE
	EndGlobalSection
	GlobalSection(NestedProjects) = preSolution
		{5617D0E5-90A8-4C8A-BE48-C1105011DE12} = {48C47C91-405E-4FB0-9E3A-9DB576219C57}
		{6FF78C57-34E5-4440-A5D4-6EAFB1F74F4C} = {48C47C91-405E-4FB0-9E3A-9DB576219C57}
		{DC2A7ADE-CF38-405C-BB73-0D44877758E9} = {48C47C91-405E-4FB0-9E3A-9DB576219C57}
		{EC05E62A-D559-4B52-9F28-59E7F2BD7FA9} = {1A392B52-1708-4EE7-A8A1-AA8B66351088}
		{B9578F40-5E37-402D-97B3-97273F73F563} = {1A392B52-1708-4EE7-A8A1-AA8B66351088}
		{37152171-2C09-4E74-921C-C973682B5477} = {1A392B52-1708-4EE7-A8A1-AA8B66351088}
		{4ED03B6C-6890-4E0D-AF6F-825ECCA466A9} = {3C26D29D-E02D-48B5-9401-38EDFB5CC0E7}
		{35F4182B-51AF-4237-9096-083019C424E3} = {78E0B32B-4E9A-4FE6-A439-97EDA67A0BE4}
		{5FD904BD-AA45-46C5-897E-2368784D43B4} = {78E0B32B-4E9A-4FE6-A439-97EDA67A0BE4}
	EndGlobalSection
EndGlobal
